
Microsoft Visual Studio Solution File, Format Version 12.00
# Visual Studio Version 17
VisualStudioVersion = 17.0.32002.185
MinimumVisualStudioVersion = 10.0.40219.1
Project("{9A19103F-16F7-4668-BE54-9A1E7A4F7556}") = "SecureDNSClient", "SecureDNSClient\SecureDNSClient.csproj", "{08CA0243-CDF3-46F1-ACBD-1B4F9585C460}"
	ProjectSection(ProjectDependencies) = postProject
		{5C28D441-E382-4DB3-A45C-0A34FA0ABC79} = {5C28D441-E382-4DB3-A45C-0A34FA0ABC79}
	EndProjectSection
EndProject
Project("{9A19103F-16F7-4668-BE54-9A1E7A4F7556}") = "SecureDNSClientPortable", "SecureDNSClientPortable\SecureDNSClientPortable.csproj", "{5C28D441-E382-4DB3-A45C-0A34FA0ABC79}"
EndProject
Global
	GlobalSection(SolutionConfigurationPlatforms) = preSolution
		Debug|Any CPU = Debug|Any CPU
		Release|Any CPU = Release|Any CPU
	EndGlobalSection
	GlobalSection(ProjectConfigurationPlatforms) = postSolution
		{08CA0243-CDF3-46F1-ACBD-1B4F9585C460}.Debug|Any CPU.ActiveCfg = Debug|Any CPU
		{08CA0243-CDF3-46F1-ACBD-1B4F9585C460}.Debug|Any CPU.Build.0 = Debug|Any CPU
		{08CA0243-CDF3-46F1-ACBD-1B4F9585C460}.Release|Any CPU.ActiveCfg = Release|Any CPU
		{08CA0243-CDF3-46F1-ACBD-1B4F9585C460}.Release|Any CPU.Build.0 = Release|Any CPU
		{5C28D441-E382-4DB3-A45C-0A34FA0ABC79}.Debug|Any CPU.ActiveCfg = Debug|Any CPU
		{5C28D441-E382-4DB3-A45C-0A34FA0ABC79}.Debug|Any CPU.Build.0 = Debug|Any CPU
		{5C28D441-E382-4DB3-A45C-0A34FA0ABC79}.Release|Any CPU.ActiveCfg = Release|Any CPU
		{5C28D441-E382-4DB3-A45C-0A34FA0ABC79}.Release|Any CPU.Build.0 = Release|Any CPU
	EndGlobalSection
	GlobalSection(SolutionProperties) = preSolution
		HideSolutionNode = FALSE
	EndGlobalSection
	GlobalSection(ExtensibilityGlobals) = postSolution
		SolutionGuid = {10964E60-1A46-4678-AF35-31FDBD50F2A5}
	EndGlobalSection
EndGlobal
